// !$*UTF8*$!
{
	archiveVersion = 1;
	classes = {
	};
	objectVersion = 56;
	objects = {

/* Begin PBXBuildFile section */
		C4D86CCE2B5F148100BF7098 /* coin.scn in Resources */ = {isa = PBXBuildFile; fileRef = C4D86CCD2B5F148100BF7098 /* coin.scn */; };
		C4ED852A2B59BCFB00B24B55 /* InstrumentusApp.swift in Sources */ = {isa = PBXBuildFile; fileRef = C4ED85292B59BCFB00B24B55 /* InstrumentusApp.swift */; };
		C4ED852C2B59BCFB00B24B55 /* ContentView.swift in Sources */ = {isa = PBXBuildFile; fileRef = C4ED852B2B59BCFB00B24B55 /* ContentView.swift */; };
		C4ED852E2B59BCFC00B24B55 /* Assets.xcassets in Resources */ = {isa = PBXBuildFile; fileRef = C4ED852D2B59BCFC00B24B55 /* Assets.xcassets */; };
		C4ED85312B59BCFC00B24B55 /* Preview Assets.xcassets in Resources */ = {isa = PBXBuildFile; fileRef = C4ED85302B59BCFC00B24B55 /* Preview Assets.xcassets */; };
/* End PBXBuildFile section */

/* Begin PBXContainerItemProxy section */
		C4ED85372B59BCFC00B24B55 /* PBXContainerItemProxy */ = {
			isa = PBXContainerItemProxy;
			containerPortal = C4ED851E2B59BCFB00B24B55 /* Project object */;
			proxyType = 1;
			remoteGlobalIDString = C4ED85252B59BCFB00B24B55;
			remoteInfo = Instrumentus;
		};
		C4ED85412B59BCFC00B24B55 /* PBXContainerItemProxy */ = {
			isa = PBXContainerItemProxy;
			containerPortal = C4ED851E2B59BCFB00B24B55 /* Project object */;
			proxyType = 1;
			remoteGlobalIDString = C4ED85252B59BCFB00B24B55;
			remoteInfo = Instrumentus;
		};
/* End PBXContainerItemProxy section */

/* Begin PBXFileReference section */
		C4D86CCD2B5F148100BF7098 /* coin.scn */ = {isa = PBXFileReference; lastKnownFileType = file.bplist; path = coin.scn; sourceTree = "<group>"; };
		C4ED85262B59BCFB00B24B55 /* Coin Flip.app */ = {isa = PBXFileReference; explicitFileType = wrapper.application; includeInIndex = 0; path = "Coin Flip.app"; sourceTree = BUILT_PRODUCTS_DIR; };
		C4ED85292B59BCFB00B24B55 /* InstrumentusApp.swift */ = {isa = PBXFileReference; lastKnownFileType = sourcecode.swift; path = InstrumentusApp.swift; sourceTree = "<group>"; };
		C4ED852B2B59BCFB00B24B55 /* ContentView.swift */ = {isa = PBXFileReference; lastKnownFileType = sourcecode.swift; path = ContentView.swift; sourceTree = "<group>"; };
		C4ED852D2B59BCFC00B24B55 /* Assets.xcassets */ = {isa = PBXFileReference; lastKnownFileType = folder.assetcatalog; path = Assets.xcassets; sourceTree = "<group>"; };
		C4ED85302B59BCFC00B24B55 /* Preview Assets.xcassets */ = {isa = PBXFileReference; lastKnownFileType = folder.assetcatalog; path = "Preview Assets.xcassets"; sourceTree = "<group>"; };
		C4ED85362B59BCFC00B24B55 /* InstrumentusTests.xctest */ = {isa = PBXFileReference; explicitFileType = wrapper.cfbundle; includeInIndex = 0; path = InstrumentusTests.xctest; sourceTree = BUILT_PRODUCTS_DIR; };
		C4ED85402B59BCFC00B24B55 /* InstrumentusUITests.xctest */ = {isa = PBXFileReference; explicitFileType = wrapper.cfbundle; includeInIndex = 0; path = InstrumentusUITests.xctest; sourceTree = BUILT_PRODUCTS_DIR; };
/* End PBXFileReference section */

/* Begin PBXFrameworksBuildPhase section */
		C4ED85232B59BCFB00B24B55 /* Frameworks */ = {
			isa = PBXFrameworksBuildPhase;
			buildActionMask = 2147483647;
			files = (
			);
			runOnlyForDeploymentPostprocessing = 0;
		};
		C4ED85332B59BCFC00B24B55 /* Frameworks */ = {
			isa = PBXFrameworksBuildPhase;
			buildActionMask = 2147483647;
			files = (
			);
			runOnlyForDeploymentPostprocessing = 0;
		};
		C4ED853D2B59BCFC00B24B55 /* Frameworks */ = {
			isa = PBXFrameworksBuildPhase;
			buildActionMask = 2147483647;
			files = (
			);
			runOnlyForDeploymentPostprocessing = 0;
		};
/* End PBXFrameworksBuildPhase section */

/* Begin PBXGroup section */
		C4ED851D2B59BCFB00B24B55 = {
			isa = PBXGroup;
			children = (
				C4ED85282B59BCFB00B24B55 /* Instrumentus */,
				C4ED85272B59BCFB00B24B55 /* Products */,
			);
			sourceTree = "<group>";
		};
		C4ED85272B59BCFB00B24B55 /* Products */ = {
			isa = PBXGroup;
			children = (
				C4ED85262B59BCFB00B24B55 /* Coin Flip.app */,
				C4ED85362B59BCFC00B24B55 /* InstrumentusTests.xctest */,
				C4ED85402B59BCFC00B24B55 /* InstrumentusUITests.xctest */,
			);
			name = Products;
			sourceTree = "<group>";
		};
		C4ED85282B59BCFB00B24B55 /* Instrumentus */ = {
			isa = PBXGroup;
			children = (
				C4D86CCD2B5F148100BF7098 /* coin.scn */,
				C4ED85292B59BCFB00B24B55 /* InstrumentusApp.swift */,
				C4ED852B2B59BCFB00B24B55 /* ContentView.swift */,
				C4ED852D2B59BCFC00B24B55 /* Assets.xcassets */,
				C4ED852F2B59BCFC00B24B55 /* Preview Content */,
			);
			path = Instrumentus;
			sourceTree = "<group>";
		};
		C4ED852F2B59BCFC00B24B55 /* Preview Content */ = {
			isa = PBXGroup;
			children = (
				C4ED85302B59BCFC00B24B55 /* Preview Assets.xcassets */,
			);
			path = "Preview Content";
			sourceTree = "<group>";
		};
/* End PBXGroup section */

/* Begin PBXNativeTarget section */
		C4ED85252B59BCFB00B24B55 /* Instrumentus */ = {
			isa = PBXNativeTarget;
			buildConfigurationList = C4ED854A2B59BCFC00B24B55 /* Build configuration list for PBXNativeTarget "Instrumentus" */;
			buildPhases = (
				C4ED85222B59BCFB00B24B55 /* Sources */,
				C4ED85232B59BCFB00B24B55 /* Frameworks */,
				C4ED85242B59BCFB00B24B55 /* Resources */,
			);
			buildRules = (
			);
			dependencies = (
			);
			name = Instrumentus;
			productName = Instrumentus;
			productReference = C4ED85262B59BCFB00B24B55 /* Coin Flip.app */;
			productType = "com.apple.product-type.application";
		};
		C4ED85352B59BCFC00B24B55 /* InstrumentusTests */ = {
			isa = PBXNativeTarget;
			buildConfigurationList = C4ED854D2B59BCFC00B24B55 /* Build configuration list for PBXNativeTarget "InstrumentusTests" */;
			buildPhases = (
				C4ED85322B59BCFC00B24B55 /* Sources */,
				C4ED85332B59BCFC00B24B55 /* Frameworks */,
				C4ED85342B59BCFC00B24B55 /* Resources */,
			);
			buildRules = (
			);
			dependencies = (
				C4ED85382B59BCFC00B24B55 /* PBXTargetDependency */,
			);
			name = InstrumentusTests;
			productName = InstrumentusTests;
			productReference = C4ED85362B59BCFC00B24B55 /* InstrumentusTests.xctest */;
			productType = "com.apple.product-type.bundle.unit-test";
		};
		C4ED853F2B59BCFC00B24B55 /* InstrumentusUITests */ = {
			isa = PBXNativeTarget;
			buildConfigurationList = C4ED85502B59BCFC00B24B55 /* Build configuration list for PBXNativeTarget "InstrumentusUITests" */;
			buildPhases = (
				C4ED853C2B59BCFC00B24B55 /* Sources */,
				C4ED853D2B59BCFC00B24B55 /* Frameworks */,
				C4ED853E2B59BCFC00B24B55 /* Resources */,
			);
			buildRules = (
			);
			dependencies = (
				C4ED85422B59BCFC00B24B55 /* PBXTargetDependency */,
			);
			name = InstrumentusUITests;
			productName = InstrumentusUITests;
			productReference = C4ED85402B59BCFC00B24B55 /* InstrumentusUITests.xctest */;
			productType = "com.apple.product-type.bundle.ui-testing";
		};
/* End PBXNativeTarget section */

/* Begin PBXProject section */
		C4ED851E2B59BCFB00B24B55 /* Project object */ = {
			isa = PBXProject;
			attributes = {
				BuildIndependentTargetsInParallel = 1;
				LastSwiftUpdateCheck = 1520;
				LastUpgradeCheck = 1520;
				TargetAttributes = {
					C4ED85252B59BCFB00B24B55 = {
						CreatedOnToolsVersion = 15.2;
					};
					C4ED85352B59BCFC00B24B55 = {
						CreatedOnToolsVersion = 15.2;
						TestTargetID = C4ED85252B59BCFB00B24B55;
					};
					C4ED853F2B59BCFC00B24B55 = {
						CreatedOnToolsVersion = 15.2;
						TestTargetID = C4ED85252B59BCFB00B24B55;
					};
				};
			};
			buildConfigurationList = C4ED85212B59BCFB00B24B55 /* Build configuration list for PBXProject "CoinFlip" */;
			compatibilityVersion = "Xcode 14.0";
			developmentRegion = en;
			hasScannedForEncodings = 0;
			knownRegions = (
				en,
				Base,
			);
			mainGroup = C4ED851D2B59BCFB00B24B55;
			productRefGroup = C4ED85272B59BCFB00B24B55 /* Products */;
			projectDirPath = "";
			projectRoot = "";
			targets = (
				C4ED85252B59BCFB00B24B55 /* Instrumentus */,
				C4ED85352B59BCFC00B24B55 /* InstrumentusTests */,
				C4ED853F2B59BCFC00B24B55 /* InstrumentusUITests */,
			);
		};
/* End PBXProject section */

/* Begin PBXResourcesBuildPhase section */
		C4ED85242B59BCFB00B24B55 /* Resources */ = {
			isa = PBXResourcesBuildPhase;
			buildActionMask = 2147483647;
			files = (
				C4ED85312B59BCFC00B24B55 /* Preview Assets.xcassets in Resources */,
				C4ED852E2B59BCFC00B24B55 /* Assets.xcassets in Resources */,
				C4D86CCE2B5F148100BF7098 /* coin.scn in Resources */,
			);
			runOnlyForDeploymentPostprocessing = 0;
		};
		C4ED85342B59BCFC00B24B55 /* Resources */ = {
			isa = PBXResourcesBuildPhase;
			buildActionMask = 2147483647;
			files = (
			);
			runOnlyForDeploymentPostprocessing = 0;
		};
		C4ED853E2B59BCFC00B24B55 /* Resources */ = {
			isa = PBXResourcesBuildPhase;
			buildActionMask = 2147483647;
			files = (
			);
			runOnlyForDeploymentPostprocessing = 0;
		};
/* End PBXResourcesBuildPhase section */

/* Begin PBXSourcesBuildPhase section */
		C4ED85222B59BCFB00B24B55 /* Sources */ = {
			isa = PBXSourcesBuildPhase;
			buildActionMask = 2147483647;
			files = (
				C4ED852C2B59BCFB00B24B55 /* ContentView.swift in Sources */,
				C4ED852A2B59BCFB00B24B55 /* InstrumentusApp.swift in Sources */,
			);
			runOnlyForDeploymentPostprocessing = 0;
		};
		C4ED85322B59BCFC00B24B55 /* Sources */ = {
			isa = PBXSourcesBuildPhase;
			buildActionMask = 2147483647;
			files = (
			);
			runOnlyForDeploymentPostprocessing = 0;
		};
		C4ED853C2B59BCFC00B24B55 /* Sources */ = {
			isa = PBXSourcesBuildPhase;
			buildActionMask = 2147483647;
			files = (
			);
			runOnlyForDeploymentPostprocessing = 0;
		};
/* End PBXSourcesBuildPhase section */

/* Begin PBXTargetDependency section */
		C4ED85382B59BCFC00B24B55 /* PBXTargetDependency */ = {
			isa = PBXTargetDependency;
			target = C4ED85252B59BCFB00B24B55 /* Instrumentus */;
			targetProxy = C4ED85372B59BCFC00B24B55 /* PBXContainerItemProxy */;
		};
		C4ED85422B59BCFC00B24B55 /* PBXTargetDependency */ = {
			isa = PBXTargetDependency;
			target = C4ED85252B59BCFB00B24B55 /* Instrumentus */;
			targetProxy = C4ED85412B59BCFC00B24B55 /* PBXContainerItemProxy */;
		};
/* End PBXTargetDependency section */

/* Begin XCBuildConfiguration section */
		C4ED85482B59BCFC00B24B55 /* Debug */ = {
			isa = XCBuildConfiguration;
			buildSettings = {
				ALWAYS_SEARCH_USER_PATHS = NO;
				ASSETCATALOG_COMPILER_GENERATE_SWIFT_ASSET_SYMBOL_EXTENSIONS = YES;
				CLANG_ANALYZER_NONNULL = YES;
				CLANG_ANALYZER_NUMBER_OBJECT_CONVERSION = YES_AGGRESSIVE;
				CLANG_CXX_LANGUAGE_STANDARD = "gnu++20";
				CLANG_ENABLE_MODULES = YES;
				CLANG_ENABLE_OBJC_ARC = YES;
				CLANG_ENABLE_OBJC_WEAK = YES;
				CLANG_WARN_BLOCK_CAPTURE_AUTORELEASING = YES;
				CLANG_WARN_BOOL_CONVERSION = YES;
				CLANG_WARN_COMMA = YES;
				CLANG_WARN_CONSTANT_CONVERSION = YES;
				CLANG_WARN_DEPRECATED_OBJC_IMPLEMENTATIONS = YES;
				CLANG_WARN_DIRECT_OBJC_ISA_USAGE = YES_ERROR;
				CLANG_WARN_DOCUMENTATION_COMMENTS = YES;
				CLANG_WARN_EMPTY_BODY = YES;
				CLANG_WARN_ENUM_CONVERSION = YES;
				CLANG_WARN_INFINITE_RECURSION = YES;
				CLANG_WARN_INT_CONVERSION = YES;
				CLANG_WARN_NON_LITERAL_NULL_CONVERSION = YES;
				CLANG_WARN_OBJC_IMPLICIT_RETAIN_SELF = YES;
				CLANG_WARN_OBJC_LITERAL_CONVERSION = YES;
				CLANG_WARN_OBJC_ROOT_CLASS = YES_ERROR;
				CLANG_WARN_QUOTED_INCLUDE_IN_FRAMEWORK_HEADER = YES;
				CLANG_WARN_RANGE_LOOP_ANALYSIS = YES;
				CLANG_WARN_STRICT_PROTOTYPES = YES;
				CLANG_WARN_SUSPICIOUS_MOVE = YES;
				CLANG_WARN_UNGUARDED_AVAILABILITY = YES_AGGRESSIVE;
				CLANG_WARN_UNREACHABLE_CODE = YES;
				CLANG_WARN__DUPLICATE_METHOD_MATCH = YES;
				COPY_PHASE_STRIP = NO;
				DEBUG_INFORMATION_FORMAT = dwarf;
				ENABLE_STRICT_OBJC_MSGSEND = YES;
				ENABLE_TESTABILITY = YES;
				ENABLE_USER_SCRIPT_SANDBOXING = YES;
				GCC_C_LANGUAGE_STANDARD = gnu17;
				GCC_DYNAMIC_NO_PIC = NO;
				GCC_NO_COMMON_BLOCKS = YES;
				GCC_OPTIMIZATION_LEVEL = 0;
				GCC_PREPROCESSOR_DEFINITIONS = (
					"DEBUG=1",
					"$(inherited)",
				);
				GCC_WARN_64_TO_32_BIT_CONVERSION = YES;
				GCC_WARN_ABOUT_RETURN_TYPE = YES_ERROR;
				GCC_WARN_UNDECLARED_SELECTOR = YES;
				GCC_WARN_UNINITIALIZED_AUTOS = YES_AGGRESSIVE;
				GCC_WARN_UNUSED_FUNCTION = YES;
				GCC_WARN_UNUSED_VARIABLE = YES;
				IPHONEOS_DEPLOYMENT_TARGET = 17.2;
				LOCALIZATION_PREFERS_STRING_CATALOGS = YES;
				MTL_ENABLE_DEBUG_INFO = INCLUDE_SOURCE;
				MTL_FAST_MATH = YES;
				ONLY_ACTIVE_ARCH = YES;
				PRODUCT_NAME = "Coin Flip";
				SDKROOT = iphoneos;
				SWIFT_ACTIVE_COMPILATION_CONDITIONS = "DEBUG $(inherited)";
				SWIFT_OPTIMIZATION_LEVEL = "-Onone";
			};
			name = Debug;
		};
		C4ED85492B59BCFC00B24B55 /* Release */ = {
			isa = XCBuildConfiguration;
			buildSettings = {
				ALWAYS_SEARCH_USER_PATHS = NO;
				ASSETCATALOG_COMPILER_GENERATE_SWIFT_ASSET_SYMBOL_EXTENSIONS = YES;
				CLANG_ANALYZER_NONNULL = YES;
				CLANG_ANALYZER_NUMBER_OBJECT_CONVERSION = YES_AGGRESSIVE;
				CLANG_CXX_LANGUAGE_STANDARD = "gnu++20";
				CLANG_ENABLE_MODULES = YES;
				CLANG_ENABLE_OBJC_ARC = YES;
				CLANG_ENABLE_OBJC_WEAK = YES;
				CLANG_WARN_BLOCK_CAPTURE_AUTORELEASING = YES;
				CLANG_WARN_BOOL_CONVERSION = YES;
				CLANG_WARN_COMMA = YES;
				CLANG_WARN_CONSTANT_CONVERSION = YES;
				CLANG_WARN_DEPRECATED_OBJC_IMPLEMENTATIONS = YES;
				CLANG_WARN_DIRECT_OBJC_ISA_USAGE = YES_ERROR;
				CLANG_WARN_DOCUMENTATION_COMMENTS = YES;
				CLANG_WARN_EMPTY_BODY = YES;
				CLANG_WARN_ENUM_CONVERSION = YES;
				CLANG_WARN_INFINITE_RECURSION = YES;
				CLANG_WARN_INT_CONVERSION = YES;
				CLANG_WARN_NON_LITERAL_NULL_CONVERSION = YES;
				CLANG_WARN_OBJC_IMPLICIT_RETAIN_SELF = YES;
				CLANG_WARN_OBJC_LITERAL_CONVERSION = YES;
				CLANG_WARN_OBJC_ROOT_CLASS = YES_ERROR;
				CLANG_WARN_QUOTED_INCLUDE_IN_FRAMEWORK_HEADER = YES;
				CLANG_WARN_RANGE_LOOP_ANALYSIS = YES;
				CLANG_WARN_STRICT_PROTOTYPES = YES;
				CLANG_WARN_SUSPICIOUS_MOVE = YES;
				CLANG_WARN_UNGUARDED_AVAILABILITY = YES_AGGRESSIVE;
				CLANG_WARN_UNREACHABLE_CODE = YES;
				CLANG_WARN__DUPLICATE_METHOD_MATCH = YES;
				COPY_PHASE_STRIP = NO;
				DEBUG_INFORMATION_FORMAT = "dwarf-with-dsym";
				ENABLE_NS_ASSERTIONS = NO;
				ENABLE_STRICT_OBJC_MSGSEND = YES;
				ENABLE_USER_SCRIPT_SANDBOXING = YES;
				GCC_C_LANGUAGE_STANDARD = gnu17;
				GCC_NO_COMMON_BLOCKS = YES;
				GCC_WARN_64_TO_32_BIT_CONVERSION = YES;
				GCC_WARN_ABOUT_RETURN_TYPE = YES_ERROR;
				GCC_WARN_UNDECLARED_SELECTOR = YES;
				GCC_WARN_UNINITIALIZED_AUTOS = YES_AGGRESSIVE;
				GCC_WARN_UNUSED_FUNCTION = YES;
				GCC_WARN_UNUSED_VARIABLE = YES;
				IPHONEOS_DEPLOYMENT_TARGET = 17.2;
				LOCALIZATION_PREFERS_STRING_CATALOGS = YES;
				MTL_ENABLE_DEBUG_INFO = NO;
				MTL_FAST_MATH = YES;
				PRODUCT_NAME = "Coin Flip";
				SDKROOT = iphoneos;
				SWIFT_COMPILATION_MODE = wholemodule;
				VALIDATE_PRODUCT = YES;
			};
			name = Release;
		};
		C4ED854B2B59BCFC00B24B55 /* Debug */ = {
			isa = XCBuildConfiguration;
			buildSettings = {
				ASSETCATALOG_COMPILER_APPICON_NAME = AppIcon;
				ASSETCATALOG_COMPILER_GLOBAL_ACCENT_COLOR_NAME = AccentColor;
				CODE_SIGN_STYLE = Automatic;
				CURRENT_PROJECT_VERSION = 1;
				DEVELOPMENT_ASSET_PATHS = "\"Instrumentus/Preview Content\"";
				DEVELOPMENT_TEAM = 9G3W7Y4QU3;
				ENABLE_PREVIEWS = YES;
				GENERATE_INFOPLIST_FILE = YES;
				INFOPLIST_KEY_UIApplicationSceneManifest_Generation = YES;
				INFOPLIST_KEY_UIApplicationSupportsIndirectInputEvents = YES;
				INFOPLIST_KEY_UILaunchScreen_Generation = YES;
				INFOPLIST_KEY_UISupportedInterfaceOrientations_iPad = "UIInterfaceOrientationPortrait UIInterfaceOrientationPortraitUpsideDown UIInterfaceOrientationLandscapeLeft UIInterfaceOrientationLandscapeRight";
				INFOPLIST_KEY_UISupportedInterfaceOrientations_iPhone = "UIInterfaceOrientationPortrait UIInterfaceOrientationLandscapeLeft UIInterfaceOrientationLandscapeRight";
				LD_RUNPATH_SEARCH_PATHS = (
					"$(inherited)",
					"@executable_path/Frameworks",
				);
				MARKETING_VERSION = 1.0;
				PRODUCT_BUNDLE_IDENTIFIER = bob.CoinFlip;
				PRODUCT_NAME = "Coin Flip";
				SWIFT_EMIT_LOC_STRINGS = YES;
				SWIFT_VERSION = 5.0;
				TARGETED_DEVICE_FAMILY = "1,2";
			};
			name = Debug;
		};
		C4ED854C2B59BCFC00B24B55 /* Release */ = {
			isa = XCBuildConfiguration;
			buildSettings = {
				ASSETCATALOG_COMPILER_APPICON_NAME = AppIcon;
				ASSETCATALOG_COMPILER_GLOBAL_ACCENT_COLOR_NAME = AccentColor;
				CODE_SIGN_STYLE = Automatic;
				CURRENT_PROJECT_VERSION = 1;
				DEVELOPMENT_ASSET_PATHS = "\"Instrumentus/Preview Content\"";
				DEVELOPMENT_TEAM = 9G3W7Y4QU3;
				ENABLE_PREVIEWS = YES;
				GENERATE_INFOPLIST_FILE = YES;
				INFOPLIST_KEY_UIApplicationSceneManifest_Generation = YES;
				INFOPLIST_KEY_UIApplicationSupportsIndirectInputEvents = YES;
				INFOPLIST_KEY_UILaunchScreen_Generation = YES;
				INFOPLIST_KEY_UISupportedInterfaceOrientations_iPad = "UIInterfaceOrientationPortrait UIInterfaceOrientationPortraitUpsideDown UIInterfaceOrientationLandscapeLeft UIInterfaceOrientationLandscapeRight";
				INFOPLIST_KEY_UISupportedInterfaceOrientations_iPhone = "UIInterfaceOrientationPortrait UIInterfaceOrientationLandscapeLeft UIInterfaceOrientationLandscapeRight";
				LD_RUNPATH_SEARCH_PATHS = (
					"$(inherited)",
					"@executable_path/Frameworks",
				);
				MARKETING_VERSION = 1.0;
				PRODUCT_BUNDLE_IDENTIFIER = bob.CoinFlip;
				PRODUCT_NAME = "Coin Flip";
				SWIFT_EMIT_LOC_STRINGS = YES;
				SWIFT_VERSION = 5.0;
				TARGETED_DEVICE_FAMILY = "1,2";
			};
			name = Release;
		};
		C4ED854E2B59BCFC00B24B55 /* Debug */ = {
			isa = XCBuildConfiguration;
			buildSettings = {
				ALWAYS_EMBED_SWIFT_STANDARD_LIBRARIES = YES;
				BUNDLE_LOADER = "$(TEST_HOST)";
				CODE_SIGN_STYLE = Automatic;
				CURRENT_PROJECT_VERSION = 1;
				GENERATE_INFOPLIST_FILE = YES;
				IPHONEOS_DEPLOYMENT_TARGET = 17.2;
				MARKETING_VERSION = 1.0;
				PRODUCT_BUNDLE_IDENTIFIER = bob.InstrumentusTests;
				PRODUCT_NAME = "$(TARGET_NAME)";
				SWIFT_EMIT_LOC_STRINGS = NO;
				SWIFT_VERSION = 5.0;
				TARGETED_DEVICE_FAMILY = "1,2";
				TEST_HOST = "$(BUILT_PRODUCTS_DIR)/Instrumentus.app/$(BUNDLE_EXECUTABLE_FOLDER_PATH)/Instrumentus";
			};
			name = Debug;
		};
		C4ED854F2B59BCFC00B24B55 /* Release */ = {
			isa = XCBuildConfiguration;
			buildSettings = {
				ALWAYS_EMBED_SWIFT_STANDARD_LIBRARIES = YES;
				BUNDLE_LOADER = "$(TEST_HOST)";
				CODE_SIGN_STYLE = Automatic;
				CURRENT_PROJECT_VERSION = 1;
				GENERATE_INFOPLIST_FILE = YES;
				IPHONEOS_DEPLOYMENT_TARGET = 17.2;
				MARKETING_VERSION = 1.0;
				PRODUCT_BUNDLE_IDENTIFIER = bob.InstrumentusTests;
				PRODUCT_NAME = "$(TARGET_NAME)";
				SWIFT_EMIT_LOC_STRINGS = NO;
				SWIFT_VERSION = 5.0;
				TARGETED_DEVICE_FAMILY = "1,2";
				TEST_HOST = "$(BUILT_PRODUCTS_DIR)/Instrumentus.app/$(BUNDLE_EXECUTABLE_FOLDER_PATH)/Instrumentus";
			};
			name = Release;
		};
		C4ED85512B59BCFC00B24B55 /* Debug */ = {
			isa = XCBuildConfiguration;
			buildSettings = {
				ALWAYS_EMBED_SWIFT_STANDARD_LIBRARIES = YES;
				CODE_SIGN_STYLE = Automatic;
				CURRENT_PROJECT_VERSION = 1;
				GENERATE_INFOPLIST_FILE = YES;
				MARKETING_VERSION = 1.0;
				PRODUCT_BUNDLE_IDENTIFIER = bob.InstrumentusUITests;
				PRODUCT_NAME = "$(TARGET_NAME)";
				SWIFT_EMIT_LOC_STRINGS = NO;
				SWIFT_VERSION = 5.0;
				TARGETED_DEVICE_FAMILY = "1,2";
				TEST_TARGET_NAME = Instrumentus;
			};
			name = Debug;
		};
		C4ED85522B59BCFC00B24B55 /* Release */ = {
			isa = XCBuildConfiguration;
			buildSettings = {
				ALWAYS_EMBED_SWIFT_STANDARD_LIBRARIES = YES;
				CODE_SIGN_STYLE = Automatic;
				CURRENT_PROJECT_VERSION = 1;
				GENERATE_INFOPLIST_FILE = YES;
				MARKETING_VERSION = 1.0;
				PRODUCT_BUNDLE_IDENTIFIER = bob.InstrumentusUITests;
				PRODUCT_NAME = "$(TARGET_NAME)";
				SWIFT_EMIT_LOC_STRINGS = NO;
				SWIFT_VERSION = 5.0;
				TARGETED_DEVICE_FAMILY = "1,2";
				TEST_TARGET_NAME = Instrumentus;
			};
			name = Release;
		};
/* End XCBuildConfiguration section */

/* Begin XCConfigurationList section */
		C4ED85212B59BCFB00B24B55 /* Build configuration list for PBXProject "CoinFlip" */ = {
			isa = XCConfigurationList;
			buildConfigurations = (
				C4ED85482B59BCFC00B24B55 /* Debug */,
				C4ED85492B59BCFC00B24B55 /* Release */,
			);
			defaultConfigurationIsVisible = 0;
			defaultConfigurationName = Release;
		};
		C4ED854A2B59BCFC00B24B55 /* Build configuration list for PBXNativeTarget "Instrumentus" */ = {
			isa = XCConfigurationList;
			buildConfigurations = (
				C4ED854B2B59BCFC00B24B55 /* Debug */,
				C4ED854C2B59BCFC00B24B55 /* Release */,
			);
			defaultConfigurationIsVisible = 0;
			defaultConfigurationName = Release;
		};
		C4ED854D2B59BCFC00B24B55 /* Build configuration list for PBXNativeTarget "InstrumentusTests" */ = {
			isa = XCConfigurationList;
			buildConfigurations = (
				C4ED854E2B59BCFC00B24B55 /* Debug */,
				C4ED854F2B59BCFC00B24B55 /* Release */,
			);
			defaultConfigurationIsVisible = 0;
			defaultConfigurationName = Release;
		};
		C4ED85502B59BCFC00B24B55 /* Build configuration list for PBXNativeTarget "InstrumentusUITests" */ = {
			isa = XCConfigurationList;
			buildConfigurations = (
				C4ED85512B59BCFC00B24B55 /* Debug */,
				C4ED85522B59BCFC00B24B55 /* Release */,
			);
			defaultConfigurationIsVisible = 0;
			defaultConfigurationName = Release;
		};
/* End XCConfigurationList section */
	};
	rootObject = C4ED851E2B59BCFB00B24B55 /* Project object */;
}
